
Microsoft Visual Studio Solution File, Format Version 12.00
Project("{FAE04EC0-301F-11D3-BF4B-00C04F79EFBC}") = "Entities", "Entities\Entities.csproj", "{69650CBF-64E1-4415-88A5-98F2710C0D82}"
EndProject
Project("{2150E333-8FDC-42A3-9474-1A3956D46DE8}") = "Server", "Server", "{EE2FA3D5-3D17-4CB7-B9C2-DCAC5C095DEF}"
EndProject
Project("{FAE04EC0-301F-11D3-BF4B-00C04F79EFBC}") = "RepositoryContracts", "RepositoryContracts\RepositoryContracts.csproj", "{2F4504E9-F463-4102-B390-008CCF111EEA}"
EndProject
Project("{FAE04EC0-301F-11D3-BF4B-00C04F79EFBC}") = "FileRepositories", "FileRepositories\FileRepositories.csproj", "{0EFCE0F8-061E-452B-AB2F-34A0F8C842EB}"
EndProject
Project("{2150E333-8FDC-42A3-9474-1A3956D46DE8}") = "Shared", "Shared", "{D102AF31-8B71-4781-B370-73EE6216326C}"
EndProject
Project("{FAE04EC0-301F-11D3-BF4B-00C04F79EFBC}") = "ApiContracts", "ApiContracts\ApiContracts.csproj", "{87148A47-2798-4E2D-A986-718447ED61DE}"
EndProject
Project("{FAE04EC0-301F-11D3-BF4B-00C04F79EFBC}") = "WebApi", "WebApi\WebApi.csproj", "{F5B7EE03-7989-4919-BFCC-6BDFF4C283DA}"
EndProject
Global
	GlobalSection(SolutionConfigurationPlatforms) = preSolution
		Debug|Any CPU = Debug|Any CPU
		Release|Any CPU = Release|Any CPU
	EndGlobalSection
	GlobalSection(ProjectConfigurationPlatforms) = postSolution
		{69650CBF-64E1-4415-88A5-98F2710C0D82}.Debug|Any CPU.ActiveCfg = Debug|Any CPU
		{69650CBF-64E1-4415-88A5-98F2710C0D82}.Debug|Any CPU.Build.0 = Debug|Any CPU
		{69650CBF-64E1-4415-88A5-98F2710C0D82}.Release|Any CPU.ActiveCfg = Release|Any CPU
		{69650CBF-64E1-4415-88A5-98F2710C0D82}.Release|Any CPU.Build.0 = Release|Any CPU
		{2F4504E9-F463-4102-B390-008CCF111EEA}.Debug|Any CPU.ActiveCfg = Debug|Any CPU
		{2F4504E9-F463-4102-B390-008CCF111EEA}.Debug|Any CPU.Build.0 = Debug|Any CPU
		{2F4504E9-F463-4102-B390-008CCF111EEA}.Release|Any CPU.ActiveCfg = Release|Any CPU
		{2F4504E9-F463-4102-B390-008CCF111EEA}.Release|Any CPU.Build.0 = Release|Any CPU
		{0EFCE0F8-061E-452B-AB2F-34A0F8C842EB}.Debug|Any CPU.ActiveCfg = Debug|Any CPU
		{0EFCE0F8-061E-452B-AB2F-34A0F8C842EB}.Debug|Any CPU.Build.0 = Debug|Any CPU
		{0EFCE0F8-061E-452B-AB2F-34A0F8C842EB}.Release|Any CPU.ActiveCfg = Release|Any CPU
		{0EFCE0F8-061E-452B-AB2F-34A0F8C842EB}.Release|Any CPU.Build.0 = Release|Any CPU
		{87148A47-2798-4E2D-A986-718447ED61DE}.Debug|Any CPU.ActiveCfg = Debug|Any CPU
		{87148A47-2798-4E2D-A986-718447ED61DE}.Debug|Any CPU.Build.0 = Debug|Any CPU
		{87148A47-2798-4E2D-A986-718447ED61DE}.Release|Any CPU.ActiveCfg = Release|Any CPU
		{87148A47-2798-4E2D-A986-718447ED61DE}.Release|Any CPU.Build.0 = Release|Any CPU
		{F5B7EE03-7989-4919-BFCC-6BDFF4C283DA}.Debug|Any CPU.ActiveCfg = Debug|Any CPU
		{F5B7EE03-7989-4919-BFCC-6BDFF4C283DA}.Debug|Any CPU.Build.0 = Debug|Any CPU
		{F5B7EE03-7989-4919-BFCC-6BDFF4C283DA}.Release|Any CPU.ActiveCfg = Release|Any CPU
		{F5B7EE03-7989-4919-BFCC-6BDFF4C283DA}.Release|Any CPU.Build.0 = Release|Any CPU
	EndGlobalSection
	GlobalSection(NestedProjects) = preSolution
		{2F4504E9-F463-4102-B390-008CCF111EEA} = {EE2FA3D5-3D17-4CB7-B9C2-DCAC5C095DEF}
		{69650CBF-64E1-4415-88A5-98F2710C0D82} = {EE2FA3D5-3D17-4CB7-B9C2-DCAC5C095DEF}
		{0EFCE0F8-061E-452B-AB2F-34A0F8C842EB} = {EE2FA3D5-3D17-4CB7-B9C2-DCAC5C095DEF}
		{87148A47-2798-4E2D-A986-718447ED61DE} = {D102AF31-8B71-4781-B370-73EE6216326C}
		{F5B7EE03-7989-4919-BFCC-6BDFF4C283DA} = {EE2FA3D5-3D17-4CB7-B9C2-DCAC5C095DEF}
	EndGlobalSection
EndGlobal
